{
  "name": "not-game-analytics",
  "version": "1.0.1",
  "lockfileVersion": 1,
  "requires": true,
  "dependencies": {
    "gameanalytics": {
      "version": "4.1.2",
      "resolved": "https://registry.npmjs.org/gameanalytics/-/gameanalytics-4.1.2.tgz",
      "integrity": "sha512-/FiM2/gQie0m9FXfbK2grxIczUEgJylkXRrXLhKhjnCKaAcfkXDdpwz7CAPs39ZFneFDU12HMbAzGdIUisBHVA=="
    }
  }
}
