{
  "name": "game-analytics",
  "version": "1.0.0",
  "lockfileVersion": 1,
  "requires": true,
  "dependencies": {
    "gameanalytics": {
      "version": "3.1.2",
      "resolved": "https://registry.npmjs.org/gameanalytics/-/gameanalytics-3.1.2.tgz",
      "integrity": "sha512-9kn+HtqWtEFu7ViLEVaOaBN/xmRR6YOq8XDolxep6L7mpOWnQuDSpH1ZLC/Bavia5QEFl/QPa4xbgVg3qH0bnw=="
    }
  }
}
